
Microsoft Visual Studio Solution File, Format Version 12.00
# Visual Studio Version 16
VisualStudioVersion = 16.0.31729.503
MinimumVisualStudioVersion = 10.0.40219.1
Project("{FAE04EC0-301F-11D3-BF4B-00C04F79EFBC}") = "Polimorfismo", "Polimorfismo\Polimorfismo.csproj", "{20724921-D226-4023-B486-C9A99CEEDEE8}"
EndProject
Global
	GlobalSection(SolutionConfigurationPlatforms) = preSolution
		Debug|Any CPU = Debug|Any CPU
		Release|Any CPU = Release|Any CPU
	EndGlobalSection
	GlobalSection(ProjectConfigurationPlatforms) = postSolution
		{20724921-D226-4023-B486-C9A99CEEDEE8}.Debug|Any CPU.ActiveCfg = Debug|Any CPU
		{20724921-D226-4023-B486-C9A99CEEDEE8}.Debug|Any CPU.Build.0 = Debug|Any CPU
		{20724921-D226-4023-B486-C9A99CEEDEE8}.Release|Any CPU.ActiveCfg = Release|Any CPU
		{20724921-D226-4023-B486-C9A99CEEDEE8}.Release|Any CPU.Build.0 = Release|Any CPU
	EndGlobalSection
	GlobalSection(SolutionProperties) = preSolution
		HideSolutionNode = FALSE
	EndGlobalSection
	GlobalSection(ExtensibilityGlobals) = postSolution
		SolutionGuid = {3C43E81C-A1C0-4938-A23C-C600EBAFFFA4}
	EndGlobalSection
EndGlobal
